
Microsoft Visual Studio Solution File, Format Version 12.00
# Visual Studio Version 16
VisualStudioVersion = 16.0.29709.97
MinimumVisualStudioVersion = 10.0.40219.1
Project("{FAE04EC0-301F-11D3-BF4B-00C04F79EFBC}") = "G191210017_PROJE", "G191210017_PROJE\G191210017_PROJE.csproj", "{4E949E2D-48DF-41B2-8965-199858C81EDE}"
EndProject
Global
	GlobalSection(SolutionConfigurationPlatforms) = preSolution
		Debug|Any CPU = Debug|Any CPU
		Release|Any CPU = Release|Any CPU
	EndGlobalSection
	GlobalSection(ProjectConfigurationPlatforms) = postSolution
		{4E949E2D-48DF-41B2-8965-199858C81EDE}.Debug|Any CPU.ActiveCfg = Debug|Any CPU
		{4E949E2D-48DF-41B2-8965-199858C81EDE}.Debug|Any CPU.Build.0 = Debug|Any CPU
		{4E949E2D-48DF-41B2-8965-199858C81EDE}.Release|Any CPU.ActiveCfg = Release|Any CPU
		{4E949E2D-48DF-41B2-8965-199858C81EDE}.Release|Any CPU.Build.0 = Release|Any CPU
	EndGlobalSection
	GlobalSection(SolutionProperties) = preSolution
		HideSolutionNode = FALSE
	EndGlobalSection
	GlobalSection(ExtensibilityGlobals) = postSolution
		SolutionGuid = {2B1E7CDE-F2D9-47D8-9DC5-82ED5F96CB8A}
	EndGlobalSection
EndGlobal
